// !$*UTF8*$!
{
	archiveVersion = 1;
	classes = {
	};
	objectVersion = 55;
	objects = {

/* Begin PBXBuildFile section */
		9827301129E84D580015C7AD /* HighScoreClient.swift in Sources */ = {isa = PBXBuildFile; fileRef = 9827301029E84D580015C7AD /* HighScoreClient.swift */; };
		9827301329E8AB210015C7AD /* SnakeView.swift in Sources */ = {isa = PBXBuildFile; fileRef = 9827301229E8AB210015C7AD /* SnakeView.swift */; };
		98B6056629E3612D005449FE /* TCA_Snake_2_Tests.swift in Sources */ = {isa = PBXBuildFile; fileRef = 98B6056529E3612D005449FE /* TCA_Snake_2_Tests.swift */; };
		98B6056D29E36538005449FE /* Vector.swift in Sources */ = {isa = PBXBuildFile; fileRef = 98B6056C29E36538005449FE /* Vector.swift */; };
		98B6056F29E368DF005449FE /* Coordinate.swift in Sources */ = {isa = PBXBuildFile; fileRef = 98B6056E29E368DF005449FE /* Coordinate.swift */; };
		98C2C74F29DB352C00A48C27 /* TCA_Snake_2App.swift in Sources */ = {isa = PBXBuildFile; fileRef = 98C2C74E29DB352C00A48C27 /* TCA_Snake_2App.swift */; };
		98C2C75329DB352E00A48C27 /* Assets.xcassets in Resources */ = {isa = PBXBuildFile; fileRef = 98C2C75229DB352E00A48C27 /* Assets.xcassets */; };
		98C2C75629DB352E00A48C27 /* Preview Assets.xcassets in Resources */ = {isa = PBXBuildFile; fileRef = 98C2C75529DB352E00A48C27 /* Preview Assets.xcassets */; };
		98C2C75F29DB356B00A48C27 /* ComposableArchitecture in Frameworks */ = {isa = PBXBuildFile; productRef = 98C2C75E29DB356B00A48C27 /* ComposableArchitecture */; };
		98C2C76129DB358200A48C27 /* Snake.swift in Sources */ = {isa = PBXBuildFile; fileRef = 98C2C76029DB358200A48C27 /* Snake.swift */; };
		98DBFEA929E6076500679032 /* CoordinateGenerator.swift in Sources */ = {isa = PBXBuildFile; fileRef = 98DBFEA829E6076500679032 /* CoordinateGenerator.swift */; };
/* End PBXBuildFile section */

/* Begin PBXContainerItemProxy section */
		98B6056729E3612D005449FE /* PBXContainerItemProxy */ = {
			isa = PBXContainerItemProxy;
			containerPortal = 98C2C74329DB352C00A48C27 /* Project object */;
			proxyType = 1;
			remoteGlobalIDString = 98C2C74A29DB352C00A48C27;
			remoteInfo = "TCA-Snake 2";
		};
/* End PBXContainerItemProxy section */

/* Begin PBXFileReference section */
		9827301029E84D580015C7AD /* HighScoreClient.swift */ = {isa = PBXFileReference; lastKnownFileType = sourcecode.swift; path = HighScoreClient.swift; sourceTree = "<group>"; };
		9827301229E8AB210015C7AD /* SnakeView.swift */ = {isa = PBXFileReference; lastKnownFileType = sourcecode.swift; path = SnakeView.swift; sourceTree = "<group>"; };
		98B6056329E3612D005449FE /* TCA-Snake 2 Tests.xctest */ = {isa = PBXFileReference; explicitFileType = wrapper.cfbundle; includeInIndex = 0; path = "TCA-Snake 2 Tests.xctest"; sourceTree = BUILT_PRODUCTS_DIR; };
		98B6056529E3612D005449FE /* TCA_Snake_2_Tests.swift */ = {isa = PBXFileReference; lastKnownFileType = sourcecode.swift; path = TCA_Snake_2_Tests.swift; sourceTree = "<group>"; };
		98B6056C29E36538005449FE /* Vector.swift */ = {isa = PBXFileReference; lastKnownFileType = sourcecode.swift; path = Vector.swift; sourceTree = "<group>"; };
		98B6056E29E368DF005449FE /* Coordinate.swift */ = {isa = PBXFileReference; lastKnownFileType = sourcecode.swift; path = Coordinate.swift; sourceTree = "<group>"; };
		98C2C74B29DB352C00A48C27 /* TCA-Snake 2.app */ = {isa = PBXFileReference; explicitFileType = wrapper.application; includeInIndex = 0; path = "TCA-Snake 2.app"; sourceTree = BUILT_PRODUCTS_DIR; };
		98C2C74E29DB352C00A48C27 /* TCA_Snake_2App.swift */ = {isa = PBXFileReference; lastKnownFileType = sourcecode.swift; path = TCA_Snake_2App.swift; sourceTree = "<group>"; };
		98C2C75229DB352E00A48C27 /* Assets.xcassets */ = {isa = PBXFileReference; lastKnownFileType = folder.assetcatalog; path = Assets.xcassets; sourceTree = "<group>"; };
		98C2C75529DB352E00A48C27 /* Preview Assets.xcassets */ = {isa = PBXFileReference; lastKnownFileType = folder.assetcatalog; path = "Preview Assets.xcassets"; sourceTree = "<group>"; };
		98C2C75729DB352E00A48C27 /* TCA_Snake_2.entitlements */ = {isa = PBXFileReference; lastKnownFileType = text.plist.entitlements; path = TCA_Snake_2.entitlements; sourceTree = "<group>"; };
		98C2C76029DB358200A48C27 /* Snake.swift */ = {isa = PBXFileReference; lastKnownFileType = sourcecode.swift; path = Snake.swift; sourceTree = "<group>"; };
		98DBFEA829E6076500679032 /* CoordinateGenerator.swift */ = {isa = PBXFileReference; lastKnownFileType = sourcecode.swift; path = CoordinateGenerator.swift; sourceTree = "<group>"; };
/* End PBXFileReference section */

/* Begin PBXFrameworksBuildPhase section */
		98B6056029E3612D005449FE /* Frameworks */ = {
			isa = PBXFrameworksBuildPhase;
			buildActionMask = 2147483647;
			files = (
			);
			runOnlyForDeploymentPostprocessing = 0;
		};
		98C2C74829DB352C00A48C27 /* Frameworks */ = {
			isa = PBXFrameworksBuildPhase;
			buildActionMask = 2147483647;
			files = (
				98C2C75F29DB356B00A48C27 /* ComposableArchitecture in Frameworks */,
			);
			runOnlyForDeploymentPostprocessing = 0;
		};
/* End PBXFrameworksBuildPhase section */

/* Begin PBXGroup section */
		98B6056429E3612D005449FE /* TCA-Snake 2 Tests */ = {
			isa = PBXGroup;
			children = (
				98B6056529E3612D005449FE /* TCA_Snake_2_Tests.swift */,
			);
			path = "TCA-Snake 2 Tests";
			sourceTree = "<group>";
		};
		98C2C74229DB352C00A48C27 = {
			isa = PBXGroup;
			children = (
				98C2C74D29DB352C00A48C27 /* TCA-Snake 2 */,
				98B6056429E3612D005449FE /* TCA-Snake 2 Tests */,
				98C2C74C29DB352C00A48C27 /* Products */,
			);
			sourceTree = "<group>";
		};
		98C2C74C29DB352C00A48C27 /* Products */ = {
			isa = PBXGroup;
			children = (
				98C2C74B29DB352C00A48C27 /* TCA-Snake 2.app */,
				98B6056329E3612D005449FE /* TCA-Snake 2 Tests.xctest */,
			);
			name = Products;
			sourceTree = "<group>";
		};
		98C2C74D29DB352C00A48C27 /* TCA-Snake 2 */ = {
			isa = PBXGroup;
			children = (
				98C2C74E29DB352C00A48C27 /* TCA_Snake_2App.swift */,
				9827301229E8AB210015C7AD /* SnakeView.swift */,
				98C2C76029DB358200A48C27 /* Snake.swift */,
				98B6056C29E36538005449FE /* Vector.swift */,
				98B6056E29E368DF005449FE /* Coordinate.swift */,
				98DBFEA829E6076500679032 /* CoordinateGenerator.swift */,
				9827301029E84D580015C7AD /* HighScoreClient.swift */,
				98C2C75229DB352E00A48C27 /* Assets.xcassets */,
				98C2C75729DB352E00A48C27 /* TCA_Snake_2.entitlements */,
				98C2C75429DB352E00A48C27 /* Preview Content */,
			);
			path = "TCA-Snake 2";
			sourceTree = "<group>";
		};
		98C2C75429DB352E00A48C27 /* Preview Content */ = {
			isa = PBXGroup;
			children = (
				98C2C75529DB352E00A48C27 /* Preview Assets.xcassets */,
			);
			path = "Preview Content";
			sourceTree = "<group>";
		};
/* End PBXGroup section */

/* Begin PBXNativeTarget section */
		98B6056229E3612D005449FE /* TCA-Snake 2 Tests */ = {
			isa = PBXNativeTarget;
			buildConfigurationList = 98B6056929E3612D005449FE /* Build configuration list for PBXNativeTarget "TCA-Snake 2 Tests" */;
			buildPhases = (
				98B6055F29E3612D005449FE /* Sources */,
				98B6056029E3612D005449FE /* Frameworks */,
				98B6056129E3612D005449FE /* Resources */,
			);
			buildRules = (
			);
			dependencies = (
				98B6056829E3612D005449FE /* PBXTargetDependency */,
			);
			name = "TCA-Snake 2 Tests";
			productName = "TCA-Snake 2 Tests";
			productReference = 98B6056329E3612D005449FE /* TCA-Snake 2 Tests.xctest */;
			productType = "com.apple.product-type.bundle.unit-test";
		};
		98C2C74A29DB352C00A48C27 /* TCA-Snake 2 */ = {
			isa = PBXNativeTarget;
			buildConfigurationList = 98C2C75A29DB352E00A48C27 /* Build configuration list for PBXNativeTarget "TCA-Snake 2" */;
			buildPhases = (
				98C2C74729DB352C00A48C27 /* Sources */,
				98C2C74829DB352C00A48C27 /* Frameworks */,
				98C2C74929DB352C00A48C27 /* Resources */,
			);
			buildRules = (
			);
			dependencies = (
			);
			name = "TCA-Snake 2";
			packageProductDependencies = (
				98C2C75E29DB356B00A48C27 /* ComposableArchitecture */,
			);
			productName = "TCA-Snake 2";
			productReference = 98C2C74B29DB352C00A48C27 /* TCA-Snake 2.app */;
			productType = "com.apple.product-type.application";
		};
/* End PBXNativeTarget section */

/* Begin PBXProject section */
		98C2C74329DB352C00A48C27 /* Project object */ = {
			isa = PBXProject;
			attributes = {
				BuildIndependentTargetsInParallel = 1;
				LastSwiftUpdateCheck = 1430;
				LastUpgradeCheck = 1430;
				TargetAttributes = {
					98B6056229E3612D005449FE = {
						CreatedOnToolsVersion = 14.3;
						TestTargetID = 98C2C74A29DB352C00A48C27;
					};
					98C2C74A29DB352C00A48C27 = {
						CreatedOnToolsVersion = 13.4.1;
					};
				};
			};
			buildConfigurationList = 98C2C74629DB352C00A48C27 /* Build configuration list for PBXProject "TCA-Snake 2" */;
			compatibilityVersion = "Xcode 13.0";
			developmentRegion = en;
			hasScannedForEncodings = 0;
			knownRegions = (
				en,
				Base,
			);
			mainGroup = 98C2C74229DB352C00A48C27;
			packageReferences = (
				98C2C75D29DB356B00A48C27 /* XCRemoteSwiftPackageReference "swift-composable-architecture" */,
			);
			productRefGroup = 98C2C74C29DB352C00A48C27 /* Products */;
			projectDirPath = "";
			projectRoot = "";
			targets = (
				98C2C74A29DB352C00A48C27 /* TCA-Snake 2 */,
				98B6056229E3612D005449FE /* TCA-Snake 2 Tests */,
			);
		};
/* End PBXProject section */

/* Begin PBXResourcesBuildPhase section */
		98B6056129E3612D005449FE /* Resources */ = {
			isa = PBXResourcesBuildPhase;
			buildActionMask = 2147483647;
			files = (
			);
			runOnlyForDeploymentPostprocessing = 0;
		};
		98C2C74929DB352C00A48C27 /* Resources */ = {
			isa = PBXResourcesBuildPhase;
			buildActionMask = 2147483647;
			files = (
				98C2C75629DB352E00A48C27 /* Preview Assets.xcassets in Resources */,
				98C2C75329DB352E00A48C27 /* Assets.xcassets in Resources */,
			);
			runOnlyForDeploymentPostprocessing = 0;
		};
/* End PBXResourcesBuildPhase section */

/* Begin PBXSourcesBuildPhase section */
		98B6055F29E3612D005449FE /* Sources */ = {
			isa = PBXSourcesBuildPhase;
			buildActionMask = 2147483647;
			files = (
				98B6056629E3612D005449FE /* TCA_Snake_2_Tests.swift in Sources */,
			);
			runOnlyForDeploymentPostprocessing = 0;
		};
		98C2C74729DB352C00A48C27 /* Sources */ = {
			isa = PBXSourcesBuildPhase;
			buildActionMask = 2147483647;
			files = (
				98C2C76129DB358200A48C27 /* Snake.swift in Sources */,
				9827301129E84D580015C7AD /* HighScoreClient.swift in Sources */,
				98DBFEA929E6076500679032 /* CoordinateGenerator.swift in Sources */,
				98C2C74F29DB352C00A48C27 /* TCA_Snake_2App.swift in Sources */,
				98B6056D29E36538005449FE /* Vector.swift in Sources */,
				98B6056F29E368DF005449FE /* Coordinate.swift in Sources */,
				9827301329E8AB210015C7AD /* SnakeView.swift in Sources */,
			);
			runOnlyForDeploymentPostprocessing = 0;
		};
/* End PBXSourcesBuildPhase section */

/* Begin PBXTargetDependency section */
		98B6056829E3612D005449FE /* PBXTargetDependency */ = {
			isa = PBXTargetDependency;
			target = 98C2C74A29DB352C00A48C27 /* TCA-Snake 2 */;
			targetProxy = 98B6056729E3612D005449FE /* PBXContainerItemProxy */;
		};
/* End PBXTargetDependency section */

/* Begin XCBuildConfiguration section */
		98B6056A29E3612D005449FE /* Debug */ = {
			isa = XCBuildConfiguration;
			buildSettings = {
				BUNDLE_LOADER = "$(TEST_HOST)";
				CLANG_CXX_LANGUAGE_STANDARD = "gnu++20";
				CODE_SIGN_STYLE = Automatic;
				CURRENT_PROJECT_VERSION = 1;
				DEAD_CODE_STRIPPING = YES;
				DEVELOPMENT_TEAM = 8B8QZZ6VNV;
				GENERATE_INFOPLIST_FILE = YES;
				IPHONEOS_DEPLOYMENT_TARGET = 16.4;
				MACOSX_DEPLOYMENT_TARGET = 13.3;
				MARKETING_VERSION = 1.0;
				PRODUCT_BUNDLE_IDENTIFIER = "software.larson.TCA-Snake-2-Tests";
				PRODUCT_NAME = "$(TARGET_NAME)";
				SDKROOT = auto;
				SUPPORTED_PLATFORMS = macosx;
				SUPPORTS_MACCATALYST = NO;
				SUPPORTS_MAC_DESIGNED_FOR_IPHONE_IPAD = NO;
				SWIFT_EMIT_LOC_STRINGS = NO;
				SWIFT_VERSION = 5.0;
				TEST_HOST = "$(BUILT_PRODUCTS_DIR)/TCA-Snake 2.app/$(BUNDLE_EXECUTABLE_FOLDER_PATH)/TCA-Snake 2";
			};
			name = Debug;
		};
		98B6056B29E3612D005449FE /* Release */ = {
			isa = XCBuildConfiguration;
			buildSettings = {
				BUNDLE_LOADER = "$(TEST_HOST)";
				CLANG_CXX_LANGUAGE_STANDARD = "gnu++20";
				CODE_SIGN_STYLE = Automatic;
				CURRENT_PROJECT_VERSION = 1;
				DEAD_CODE_STRIPPING = YES;
				DEVELOPMENT_TEAM = 8B8QZZ6VNV;
				GENERATE_INFOPLIST_FILE = YES;
				IPHONEOS_DEPLOYMENT_TARGET = 16.4;
				MACOSX_DEPLOYMENT_TARGET = 13.3;
				MARKETING_VERSION = 1.0;
				PRODUCT_BUNDLE_IDENTIFIER = "software.larson.TCA-Snake-2-Tests";
				PRODUCT_NAME = "$(TARGET_NAME)";
				SDKROOT = auto;
				SUPPORTED_PLATFORMS = macosx;
				SUPPORTS_MACCATALYST = NO;
				SUPPORTS_MAC_DESIGNED_FOR_IPHONE_IPAD = NO;
				SWIFT_EMIT_LOC_STRINGS = NO;
				SWIFT_VERSION = 5.0;
				TEST_HOST = "$(BUILT_PRODUCTS_DIR)/TCA-Snake 2.app/$(BUNDLE_EXECUTABLE_FOLDER_PATH)/TCA-Snake 2";
			};
			name = Release;
		};
		98C2C75829DB352E00A48C27 /* Debug */ = {
			isa = XCBuildConfiguration;
			buildSettings = {
				ALWAYS_SEARCH_USER_PATHS = NO;
				CLANG_ANALYZER_NONNULL = YES;
				CLANG_ANALYZER_NUMBER_OBJECT_CONVERSION = YES_AGGRESSIVE;
				CLANG_CXX_LANGUAGE_STANDARD = "gnu++17";
				CLANG_ENABLE_MODULES = YES;
				CLANG_ENABLE_OBJC_ARC = YES;
				CLANG_ENABLE_OBJC_WEAK = YES;
				CLANG_WARN_BLOCK_CAPTURE_AUTORELEASING = YES;
				CLANG_WARN_BOOL_CONVERSION = YES;
				CLANG_WARN_COMMA = YES;
				CLANG_WARN_CONSTANT_CONVERSION = YES;
				CLANG_WARN_DEPRECATED_OBJC_IMPLEMENTATIONS = YES;
				CLANG_WARN_DIRECT_OBJC_ISA_USAGE = YES_ERROR;
				CLANG_WARN_DOCUMENTATION_COMMENTS = YES;
				CLANG_WARN_EMPTY_BODY = YES;
				CLANG_WARN_ENUM_CONVERSION = YES;
				CLANG_WARN_INFINITE_RECURSION = YES;
				CLANG_WARN_INT_CONVERSION = YES;
				CLANG_WARN_NON_LITERAL_NULL_CONVERSION = YES;
				CLANG_WARN_OBJC_IMPLICIT_RETAIN_SELF = YES;
				CLANG_WARN_OBJC_LITERAL_CONVERSION = YES;
				CLANG_WARN_OBJC_ROOT_CLASS = YES_ERROR;
				CLANG_WARN_QUOTED_INCLUDE_IN_FRAMEWORK_HEADER = YES;
				CLANG_WARN_RANGE_LOOP_ANALYSIS = YES;
				CLANG_WARN_STRICT_PROTOTYPES = YES;
				CLANG_WARN_SUSPICIOUS_MOVE = YES;
				CLANG_WARN_UNGUARDED_AVAILABILITY = YES_AGGRESSIVE;
				CLANG_WARN_UNREACHABLE_CODE = YES;
				CLANG_WARN__DUPLICATE_METHOD_MATCH = YES;
				COPY_PHASE_STRIP = NO;
				DEAD_CODE_STRIPPING = YES;
				DEBUG_INFORMATION_FORMAT = dwarf;
				ENABLE_STRICT_OBJC_MSGSEND = YES;
				ENABLE_TESTABILITY = YES;
				GCC_C_LANGUAGE_STANDARD = gnu11;
				GCC_DYNAMIC_NO_PIC = NO;
				GCC_NO_COMMON_BLOCKS = YES;
				GCC_OPTIMIZATION_LEVEL = 0;
				GCC_PREPROCESSOR_DEFINITIONS = (
					"DEBUG=1",
					"$(inherited)",
				);
				GCC_WARN_64_TO_32_BIT_CONVERSION = YES;
				GCC_WARN_ABOUT_RETURN_TYPE = YES_ERROR;
				GCC_WARN_UNDECLARED_SELECTOR = YES;
				GCC_WARN_UNINITIALIZED_AUTOS = YES_AGGRESSIVE;
				GCC_WARN_UNUSED_FUNCTION = YES;
				GCC_WARN_UNUSED_VARIABLE = YES;
				MACOSX_DEPLOYMENT_TARGET = 13.0;
				MTL_ENABLE_DEBUG_INFO = INCLUDE_SOURCE;
				MTL_FAST_MATH = YES;
				ONLY_ACTIVE_ARCH = YES;
				SDKROOT = macosx;
				SWIFT_ACTIVE_COMPILATION_CONDITIONS = DEBUG;
				SWIFT_OPTIMIZATION_LEVEL = "-Onone";
			};
			name = Debug;
		};
		98C2C75929DB352E00A48C27 /* Release */ = {
			isa = XCBuildConfiguration;
			buildSettings = {
				ALWAYS_SEARCH_USER_PATHS = NO;
				CLANG_ANALYZER_NONNULL = YES;
				CLANG_ANALYZER_NUMBER_OBJECT_CONVERSION = YES_AGGRESSIVE;
				CLANG_CXX_LANGUAGE_STANDARD = "gnu++17";
				CLANG_ENABLE_MODULES = YES;
				CLANG_ENABLE_OBJC_ARC = YES;
				CLANG_ENABLE_OBJC_WEAK = YES;
				CLANG_WARN_BLOCK_CAPTURE_AUTORELEASING = YES;
				CLANG_WARN_BOOL_CONVERSION = YES;
				CLANG_WARN_COMMA = YES;
				CLANG_WARN_CONSTANT_CONVERSION = YES;
				CLANG_WARN_DEPRECATED_OBJC_IMPLEMENTATIONS = YES;
				CLANG_WARN_DIRECT_OBJC_ISA_USAGE = YES_ERROR;
				CLANG_WARN_DOCUMENTATION_COMMENTS = YES;
				CLANG_WARN_EMPTY_BODY = YES;
				CLANG_WARN_ENUM_CONVERSION = YES;
				CLANG_WARN_INFINITE_RECURSION = YES;
				CLANG_WARN_INT_CONVERSION = YES;
				CLANG_WARN_NON_LITERAL_NULL_CONVERSION = YES;
				CLANG_WARN_OBJC_IMPLICIT_RETAIN_SELF = YES;
				CLANG_WARN_OBJC_LITERAL_CONVERSION = YES;
				CLANG_WARN_OBJC_ROOT_CLASS = YES_ERROR;
				CLANG_WARN_QUOTED_INCLUDE_IN_FRAMEWORK_HEADER = YES;
				CLANG_WARN_RANGE_LOOP_ANALYSIS = YES;
				CLANG_WARN_STRICT_PROTOTYPES = YES;
				CLANG_WARN_SUSPICIOUS_MOVE = YES;
				CLANG_WARN_UNGUARDED_AVAILABILITY = YES_AGGRESSIVE;
				CLANG_WARN_UNREACHABLE_CODE = YES;
				CLANG_WARN__DUPLICATE_METHOD_MATCH = YES;
				COPY_PHASE_STRIP = NO;
				DEAD_CODE_STRIPPING = YES;
				DEBUG_INFORMATION_FORMAT = "dwarf-with-dsym";
				ENABLE_NS_ASSERTIONS = NO;
				ENABLE_STRICT_OBJC_MSGSEND = YES;
				GCC_C_LANGUAGE_STANDARD = gnu11;
				GCC_NO_COMMON_BLOCKS = YES;
				GCC_WARN_64_TO_32_BIT_CONVERSION = YES;
				GCC_WARN_ABOUT_RETURN_TYPE = YES_ERROR;
				GCC_WARN_UNDECLARED_SELECTOR = YES;
				GCC_WARN_UNINITIALIZED_AUTOS = YES_AGGRESSIVE;
				GCC_WARN_UNUSED_FUNCTION = YES;
				GCC_WARN_UNUSED_VARIABLE = YES;
				MACOSX_DEPLOYMENT_TARGET = 13.0;
				MTL_ENABLE_DEBUG_INFO = NO;
				MTL_FAST_MATH = YES;
				SDKROOT = macosx;
				SWIFT_COMPILATION_MODE = wholemodule;
				SWIFT_OPTIMIZATION_LEVEL = "-O";
			};
			name = Release;
		};
		98C2C75B29DB352E00A48C27 /* Debug */ = {
			isa = XCBuildConfiguration;
			buildSettings = {
				ASSETCATALOG_COMPILER_APPICON_NAME = AppIcon;
				ASSETCATALOG_COMPILER_GLOBAL_ACCENT_COLOR_NAME = AccentColor;
				CODE_SIGN_ENTITLEMENTS = "TCA-Snake 2/TCA_Snake_2.entitlements";
				CODE_SIGN_STYLE = Automatic;
				COMBINE_HIDPI_IMAGES = YES;
				CURRENT_PROJECT_VERSION = 1;
				DEAD_CODE_STRIPPING = YES;
				DEVELOPMENT_ASSET_PATHS = "\"TCA-Snake 2/Preview Content\"";
				DEVELOPMENT_TEAM = 8B8QZZ6VNV;
				ENABLE_HARDENED_RUNTIME = YES;
				ENABLE_PREVIEWS = YES;
				GENERATE_INFOPLIST_FILE = YES;
				INFOPLIST_KEY_NSHumanReadableCopyright = "";
				LD_RUNPATH_SEARCH_PATHS = (
					"$(inherited)",
					"@executable_path/../Frameworks",
				);
				MARKETING_VERSION = 1.0;
				PRODUCT_BUNDLE_IDENTIFIER = "software.larson.TCA-Snake-2";
				PRODUCT_NAME = "$(TARGET_NAME)";
				SWIFT_EMIT_LOC_STRINGS = YES;
				SWIFT_VERSION = 5.0;
			};
			name = Debug;
		};
		98C2C75C29DB352E00A48C27 /* Release */ = {
			isa = XCBuildConfiguration;
			buildSettings = {
				ASSETCATALOG_COMPILER_APPICON_NAME = AppIcon;
				ASSETCATALOG_COMPILER_GLOBAL_ACCENT_COLOR_NAME = AccentColor;
				CODE_SIGN_ENTITLEMENTS = "TCA-Snake 2/TCA_Snake_2.entitlements";
				CODE_SIGN_STYLE = Automatic;
				COMBINE_HIDPI_IMAGES = YES;
				CURRENT_PROJECT_VERSION = 1;
				DEAD_CODE_STRIPPING = YES;
				DEVELOPMENT_ASSET_PATHS = "\"TCA-Snake 2/Preview Content\"";
				DEVELOPMENT_TEAM = 8B8QZZ6VNV;
				ENABLE_HARDENED_RUNTIME = YES;
				ENABLE_PREVIEWS = YES;
				GENERATE_INFOPLIST_FILE = YES;
				INFOPLIST_KEY_NSHumanReadableCopyright = "";
				LD_RUNPATH_SEARCH_PATHS = (
					"$(inherited)",
					"@executable_path/../Frameworks",
				);
				MARKETING_VERSION = 1.0;
				PRODUCT_BUNDLE_IDENTIFIER = "software.larson.TCA-Snake-2";
				PRODUCT_NAME = "$(TARGET_NAME)";
				SWIFT_EMIT_LOC_STRINGS = YES;
				SWIFT_VERSION = 5.0;
			};
			name = Release;
		};
/* End XCBuildConfiguration section */

/* Begin XCConfigurationList section */
		98B6056929E3612D005449FE /* Build configuration list for PBXNativeTarget "TCA-Snake 2 Tests" */ = {
			isa = XCConfigurationList;
			buildConfigurations = (
				98B6056A29E3612D005449FE /* Debug */,
				98B6056B29E3612D005449FE /* Release */,
			);
			defaultConfigurationIsVisible = 0;
			defaultConfigurationName = Release;
		};
		98C2C74629DB352C00A48C27 /* Build configuration list for PBXProject "TCA-Snake 2" */ = {
			isa = XCConfigurationList;
			buildConfigurations = (
				98C2C75829DB352E00A48C27 /* Debug */,
				98C2C75929DB352E00A48C27 /* Release */,
			);
			defaultConfigurationIsVisible = 0;
			defaultConfigurationName = Release;
		};
		98C2C75A29DB352E00A48C27 /* Build configuration list for PBXNativeTarget "TCA-Snake 2" */ = {
			isa = XCConfigurationList;
			buildConfigurations = (
				98C2C75B29DB352E00A48C27 /* Debug */,
				98C2C75C29DB352E00A48C27 /* Release */,
			);
			defaultConfigurationIsVisible = 0;
			defaultConfigurationName = Release;
		};
/* End XCConfigurationList section */

/* Begin XCRemoteSwiftPackageReference section */
		98C2C75D29DB356B00A48C27 /* XCRemoteSwiftPackageReference "swift-composable-architecture" */ = {
			isa = XCRemoteSwiftPackageReference;
			repositoryURL = "https://github.com/pointfreeco/swift-composable-architecture";
			requirement = {
				branch = main;
				kind = branch;
			};
		};
/* End XCRemoteSwiftPackageReference section */

/* Begin XCSwiftPackageProductDependency section */
		98C2C75E29DB356B00A48C27 /* ComposableArchitecture */ = {
			isa = XCSwiftPackageProductDependency;
			package = 98C2C75D29DB356B00A48C27 /* XCRemoteSwiftPackageReference "swift-composable-architecture" */;
			productName = ComposableArchitecture;
		};
/* End XCSwiftPackageProductDependency section */
	};
	rootObject = 98C2C74329DB352C00A48C27 /* Project object */;
}
